
Microsoft Visual Studio Solution File, Format Version 12.00
# Visual Studio Version 17
VisualStudioVersion = 17.4.33403.182
MinimumVisualStudioVersion = 10.0.40219.1
Project("{FAE04EC0-301F-11D3-BF4B-00C04F79EFBC}") = "GUI", "TinhTienTro\GUI.csproj", "{BFC16E3A-95B3-4156-B8B8-65C421ECCD38}"
EndProject
Project("{FAE04EC0-301F-11D3-BF4B-00C04F79EFBC}") = "DAL", "DAL\DAL.csproj", "{290E9C5A-881B-47DD-843E-94E080E7135C}"
EndProject
Project("{FAE04EC0-301F-11D3-BF4B-00C04F79EFBC}") = "BUS", "BUS\BUS.csproj", "{4CF5681F-D27A-43A7-84DA-44333C5E0BC0}"
EndProject
Global
	GlobalSection(SolutionConfigurationPlatforms) = preSolution
		Debug|Any CPU = Debug|Any CPU
		Release|Any CPU = Release|Any CPU
	EndGlobalSection
	GlobalSection(ProjectConfigurationPlatforms) = postSolution
		{BFC16E3A-95B3-4156-B8B8-65C421ECCD38}.Debug|Any CPU.ActiveCfg = Debug|Any CPU
		{BFC16E3A-95B3-4156-B8B8-65C421ECCD38}.Debug|Any CPU.Build.0 = Debug|Any CPU
		{BFC16E3A-95B3-4156-B8B8-65C421ECCD38}.Release|Any CPU.ActiveCfg = Release|Any CPU
		{BFC16E3A-95B3-4156-B8B8-65C421ECCD38}.Release|Any CPU.Build.0 = Release|Any CPU
		{290E9C5A-881B-47DD-843E-94E080E7135C}.Debug|Any CPU.ActiveCfg = Debug|Any CPU
		{290E9C5A-881B-47DD-843E-94E080E7135C}.Debug|Any CPU.Build.0 = Debug|Any CPU
		{290E9C5A-881B-47DD-843E-94E080E7135C}.Release|Any CPU.ActiveCfg = Release|Any CPU
		{290E9C5A-881B-47DD-843E-94E080E7135C}.Release|Any CPU.Build.0 = Release|Any CPU
		{4CF5681F-D27A-43A7-84DA-44333C5E0BC0}.Debug|Any CPU.ActiveCfg = Debug|Any CPU
		{4CF5681F-D27A-43A7-84DA-44333C5E0BC0}.Debug|Any CPU.Build.0 = Debug|Any CPU
		{4CF5681F-D27A-43A7-84DA-44333C5E0BC0}.Release|Any CPU.ActiveCfg = Release|Any CPU
		{4CF5681F-D27A-43A7-84DA-44333C5E0BC0}.Release|Any CPU.Build.0 = Release|Any CPU
	EndGlobalSection
	GlobalSection(SolutionProperties) = preSolution
		HideSolutionNode = FALSE
	EndGlobalSection
	GlobalSection(ExtensibilityGlobals) = postSolution
		SolutionGuid = {E4F0B09F-6649-4182-BAD0-80C422921507}
	EndGlobalSection
EndGlobal
